// !$*UTF8*$!
{
	archiveVersion = 1;
	classes = {
	};
	objectVersion = 50;
	objects = {

/* Begin PBXBuildFile section */
		04617C4925AB63D300FFC704 /* AppDelegate.swift in Sources */ = {isa = PBXBuildFile; fileRef = 04617C4825AB63D300FFC704 /* AppDelegate.swift */; };
		04617C4B25AB63D300FFC704 /* SceneDelegate.swift in Sources */ = {isa = PBXBuildFile; fileRef = 04617C4A25AB63D300FFC704 /* SceneDelegate.swift */; };
		04617C4D25AB63D300FFC704 /* ViewController.swift in Sources */ = {isa = PBXBuildFile; fileRef = 04617C4C25AB63D300FFC704 /* ViewController.swift */; };
		04617C5025AB63D300FFC704 /* Main.storyboard in Resources */ = {isa = PBXBuildFile; fileRef = 04617C4E25AB63D300FFC704 /* Main.storyboard */; };
		04617C5225AB63D600FFC704 /* Assets.xcassets in Resources */ = {isa = PBXBuildFile; fileRef = 04617C5125AB63D600FFC704 /* Assets.xcassets */; };
		04617C5525AB63D600FFC704 /* LaunchScreen.storyboard in Resources */ = {isa = PBXBuildFile; fileRef = 04617C5325AB63D600FFC704 /* LaunchScreen.storyboard */; };
		04617C5E25AB64F400FFC704 /* WelcomeViewController.swift in Sources */ = {isa = PBXBuildFile; fileRef = 04617C5D25AB64F400FFC704 /* WelcomeViewController.swift */; };
/* End PBXBuildFile section */

/* Begin PBXFileReference section */
		04617C4525AB63D300FFC704 /* OnboardingFlow.app */ = {isa = PBXFileReference; explicitFileType = wrapper.application; includeInIndex = 0; path = OnboardingFlow.app; sourceTree = BUILT_PRODUCTS_DIR; };
		04617C4825AB63D300FFC704 /* AppDelegate.swift */ = {isa = PBXFileReference; lastKnownFileType = sourcecode.swift; path = AppDelegate.swift; sourceTree = "<group>"; };
		04617C4A25AB63D300FFC704 /* SceneDelegate.swift */ = {isa = PBXFileReference; lastKnownFileType = sourcecode.swift; path = SceneDelegate.swift; sourceTree = "<group>"; };
		04617C4C25AB63D300FFC704 /* ViewController.swift */ = {isa = PBXFileReference; lastKnownFileType = sourcecode.swift; path = ViewController.swift; sourceTree = "<group>"; };
		04617C4F25AB63D300FFC704 /* Base */ = {isa = PBXFileReference; lastKnownFileType = file.storyboard; name = Base; path = Base.lproj/Main.storyboard; sourceTree = "<group>"; };
		04617C5125AB63D600FFC704 /* Assets.xcassets */ = {isa = PBXFileReference; lastKnownFileType = folder.assetcatalog; path = Assets.xcassets; sourceTree = "<group>"; };
		04617C5425AB63D600FFC704 /* Base */ = {isa = PBXFileReference; lastKnownFileType = file.storyboard; name = Base; path = Base.lproj/LaunchScreen.storyboard; sourceTree = "<group>"; };
		04617C5625AB63D600FFC704 /* Info.plist */ = {isa = PBXFileReference; lastKnownFileType = text.plist.xml; path = Info.plist; sourceTree = "<group>"; };
		04617C5D25AB64F400FFC704 /* WelcomeViewController.swift */ = {isa = PBXFileReference; lastKnownFileType = sourcecode.swift; path = WelcomeViewController.swift; sourceTree = "<group>"; };
/* End PBXFileReference section */

/* Begin PBXFrameworksBuildPhase section */
		04617C4225AB63D300FFC704 /* Frameworks */ = {
			isa = PBXFrameworksBuildPhase;
			buildActionMask = 2147483647;
			files = (
			);
			runOnlyForDeploymentPostprocessing = 0;
		};
/* End PBXFrameworksBuildPhase section */

/* Begin PBXGroup section */
		04617C3C25AB63D300FFC704 = {
			isa = PBXGroup;
			children = (
				04617C4725AB63D300FFC704 /* OnboardingFlow */,
				04617C4625AB63D300FFC704 /* Products */,
			);
			sourceTree = "<group>";
		};
		04617C4625AB63D300FFC704 /* Products */ = {
			isa = PBXGroup;
			children = (
				04617C4525AB63D300FFC704 /* OnboardingFlow.app */,
			);
			name = Products;
			sourceTree = "<group>";
		};
		04617C4725AB63D300FFC704 /* OnboardingFlow */ = {
			isa = PBXGroup;
			children = (
				04617C4825AB63D300FFC704 /* AppDelegate.swift */,
				04617C4A25AB63D300FFC704 /* SceneDelegate.swift */,
				04617C4C25AB63D300FFC704 /* ViewController.swift */,
				04617C4E25AB63D300FFC704 /* Main.storyboard */,
				04617C5125AB63D600FFC704 /* Assets.xcassets */,
				04617C5325AB63D600FFC704 /* LaunchScreen.storyboard */,
				04617C5625AB63D600FFC704 /* Info.plist */,
				04617C5D25AB64F400FFC704 /* WelcomeViewController.swift */,
			);
			path = OnboardingFlow;
			sourceTree = "<group>";
		};
/* End PBXGroup section */

/* Begin PBXNativeTarget section */
		04617C4425AB63D300FFC704 /* OnboardingFlow */ = {
			isa = PBXNativeTarget;
			buildConfigurationList = 04617C5925AB63D600FFC704 /* Build configuration list for PBXNativeTarget "OnboardingFlow" */;
			buildPhases = (
				04617C4125AB63D300FFC704 /* Sources */,
				04617C4225AB63D300FFC704 /* Frameworks */,
				04617C4325AB63D300FFC704 /* Resources */,
			);
			buildRules = (
			);
			dependencies = (
			);
			name = OnboardingFlow;
			productName = OnboardingFlow;
			productReference = 04617C4525AB63D300FFC704 /* OnboardingFlow.app */;
			productType = "com.apple.product-type.application";
		};
/* End PBXNativeTarget section */

/* Begin PBXProject section */
		04617C3D25AB63D300FFC704 /* Project object */ = {
			isa = PBXProject;
			attributes = {
				LastSwiftUpdateCheck = 1230;
				LastUpgradeCheck = 1230;
				TargetAttributes = {
					04617C4425AB63D300FFC704 = {
						CreatedOnToolsVersion = 12.3;
					};
				};
			};
			buildConfigurationList = 04617C4025AB63D300FFC704 /* Build configuration list for PBXProject "OnboardingFlow" */;
			compatibilityVersion = "Xcode 9.3";
			developmentRegion = en;
			hasScannedForEncodings = 0;
			knownRegions = (
				en,
				Base,
			);
			mainGroup = 04617C3C25AB63D300FFC704;
			productRefGroup = 04617C4625AB63D300FFC704 /* Products */;
			projectDirPath = "";
			projectRoot = "";
			targets = (
				04617C4425AB63D300FFC704 /* OnboardingFlow */,
			);
		};
/* End PBXProject section */

/* Begin PBXResourcesBuildPhase section */
		04617C4325AB63D300FFC704 /* Resources */ = {
			isa = PBXResourcesBuildPhase;
			buildActionMask = 2147483647;
			files = (
				04617C5525AB63D600FFC704 /* LaunchScreen.storyboard in Resources */,
				04617C5225AB63D600FFC704 /* Assets.xcassets in Resources */,
				04617C5025AB63D300FFC704 /* Main.storyboard in Resources */,
			);
			runOnlyForDeploymentPostprocessing = 0;
		};
/* End PBXResourcesBuildPhase section */

/* Begin PBXSourcesBuildPhase section */
		04617C4125AB63D300FFC704 /* Sources */ = {
			isa = PBXSourcesBuildPhase;
			buildActionMask = 2147483647;
			files = (
				04617C4D25AB63D300FFC704 /* ViewController.swift in Sources */,
				04617C5E25AB64F400FFC704 /* WelcomeViewController.swift in Sources */,
				04617C4925AB63D300FFC704 /* AppDelegate.swift in Sources */,
				04617C4B25AB63D300FFC704 /* SceneDelegate.swift in Sources */,
			);
			runOnlyForDeploymentPostprocessing = 0;
		};
/* End PBXSourcesBuildPhase section */

/* Begin PBXVariantGroup section */
		04617C4E25AB63D300FFC704 /* Main.storyboard */ = {
			isa = PBXVariantGroup;
			children = (
				04617C4F25AB63D300FFC704 /* Base */,
			);
			name = Main.storyboard;
			sourceTree = "<group>";
		};
		04617C5325AB63D600FFC704 /* LaunchScreen.storyboard */ = {
			isa = PBXVariantGroup;
			children = (
				04617C5425AB63D600FFC704 /* Base */,
			);
			name = LaunchScreen.storyboard;
			sourceTree = "<group>";
		};
/* End PBXVariantGroup section */

/* Begin XCBuildConfiguration section */
		04617C5725AB63D600FFC704 /* Debug */ = {
			isa = XCBuildConfiguration;
			buildSettings = {
				ALWAYS_SEARCH_USER_PATHS = NO;
				CLANG_ANALYZER_NONNULL = YES;
				CLANG_ANALYZER_NUMBER_OBJECT_CONVERSION = YES_AGGRESSIVE;
				CLANG_CXX_LANGUAGE_STANDARD = "gnu++14";
				CLANG_CXX_LIBRARY = "libc++";
				CLANG_ENABLE_MODULES = YES;
				CLANG_ENABLE_OBJC_ARC = YES;
				CLANG_ENABLE_OBJC_WEAK = YES;
				CLANG_WARN_BLOCK_CAPTURE_AUTORELEASING = YES;
				CLANG_WARN_BOOL_CONVERSION = YES;
				CLANG_WARN_COMMA = YES;
				CLANG_WARN_CONSTANT_CONVERSION = YES;
				CLANG_WARN_DEPRECATED_OBJC_IMPLEMENTATIONS = YES;
				CLANG_WARN_DIRECT_OBJC_ISA_USAGE = YES_ERROR;
				CLANG_WARN_DOCUMENTATION_COMMENTS = YES;
				CLANG_WARN_EMPTY_BODY = YES;
				CLANG_WARN_ENUM_CONVERSION = YES;
				CLANG_WARN_INFINITE_RECURSION = YES;
				CLANG_WARN_INT_CONVERSION = YES;
				CLANG_WARN_NON_LITERAL_NULL_CONVERSION = YES;
				CLANG_WARN_OBJC_IMPLICIT_RETAIN_SELF = YES;
				CLANG_WARN_OBJC_LITERAL_CONVERSION = YES;
				CLANG_WARN_OBJC_ROOT_CLASS = YES_ERROR;
				CLANG_WARN_QUOTED_INCLUDE_IN_FRAMEWORK_HEADER = YES;
				CLANG_WARN_RANGE_LOOP_ANALYSIS = YES;
				CLANG_WARN_STRICT_PROTOTYPES = YES;
				CLANG_WARN_SUSPICIOUS_MOVE = YES;
				CLANG_WARN_UNGUARDED_AVAILABILITY = YES_AGGRESSIVE;
				CLANG_WARN_UNREACHABLE_CODE = YES;
				CLANG_WARN__DUPLICATE_METHOD_MATCH = YES;
				COPY_PHASE_STRIP = NO;
				DEBUG_INFORMATION_FORMAT = dwarf;
				ENABLE_STRICT_OBJC_MSGSEND = YES;
				ENABLE_TESTABILITY = YES;
				GCC_C_LANGUAGE_STANDARD = gnu11;
				GCC_DYNAMIC_NO_PIC = NO;
				GCC_NO_COMMON_BLOCKS = YES;
				GCC_OPTIMIZATION_LEVEL = 0;
				GCC_PREPROCESSOR_DEFINITIONS = (
					"DEBUG=1",
					"$(inherited)",
				);
				GCC_WARN_64_TO_32_BIT_CONVERSION = YES;
				GCC_WARN_ABOUT_RETURN_TYPE = YES_ERROR;
				GCC_WARN_UNDECLARED_SELECTOR = YES;
				GCC_WARN_UNINITIALIZED_AUTOS = YES_AGGRESSIVE;
				GCC_WARN_UNUSED_FUNCTION = YES;
				GCC_WARN_UNUSED_VARIABLE = YES;
				IPHONEOS_DEPLOYMENT_TARGET = 14.3;
				MTL_ENABLE_DEBUG_INFO = INCLUDE_SOURCE;
				MTL_FAST_MATH = YES;
				ONLY_ACTIVE_ARCH = YES;
				SDKROOT = iphoneos;
				SWIFT_ACTIVE_COMPILATION_CONDITIONS = DEBUG;
				SWIFT_OPTIMIZATION_LEVEL = "-Onone";
			};
			name = Debug;
		};
		04617C5825AB63D600FFC704 /* Release */ = {
			isa = XCBuildConfiguration;
			buildSettings = {
				ALWAYS_SEARCH_USER_PATHS = NO;
				CLANG_ANALYZER_NONNULL = YES;
				CLANG_ANALYZER_NUMBER_OBJECT_CONVERSION = YES_AGGRESSIVE;
				CLANG_CXX_LANGUAGE_STANDARD = "gnu++14";
				CLANG_CXX_LIBRARY = "libc++";
				CLANG_ENABLE_MODULES = YES;
				CLANG_ENABLE_OBJC_ARC = YES;
				CLANG_ENABLE_OBJC_WEAK = YES;
				CLANG_WARN_BLOCK_CAPTURE_AUTORELEASING = YES;
				CLANG_WARN_BOOL_CONVERSION = YES;
				CLANG_WARN_COMMA = YES;
				CLANG_WARN_CONSTANT_CONVERSION = YES;
				CLANG_WARN_DEPRECATED_OBJC_IMPLEMENTATIONS = YES;
				CLANG_WARN_DIRECT_OBJC_ISA_USAGE = YES_ERROR;
				CLANG_WARN_DOCUMENTATION_COMMENTS = YES;
				CLANG_WARN_EMPTY_BODY = YES;
				CLANG_WARN_ENUM_CONVERSION = YES;
				CLANG_WARN_INFINITE_RECURSION = YES;
				CLANG_WARN_INT_CONVERSION = YES;
				CLANG_WARN_NON_LITERAL_NULL_CONVERSION = YES;
				CLANG_WARN_OBJC_IMPLICIT_RETAIN_SELF = YES;
				CLANG_WARN_OBJC_LITERAL_CONVERSION = YES;
				CLANG_WARN_OBJC_ROOT_CLASS = YES_ERROR;
				CLANG_WARN_QUOTED_INCLUDE_IN_FRAMEWORK_HEADER = YES;
				CLANG_WARN_RANGE_LOOP_ANALYSIS = YES;
				CLANG_WARN_STRICT_PROTOTYPES = YES;
				CLANG_WARN_SUSPICIOUS_MOVE = YES;
				CLANG_WARN_UNGUARDED_AVAILABILITY = YES_AGGRESSIVE;
				CLANG_WARN_UNREACHABLE_CODE = YES;
				CLANG_WARN__DUPLICATE_METHOD_MATCH = YES;
				COPY_PHASE_STRIP = NO;
				DEBUG_INFORMATION_FORMAT = "dwarf-with-dsym";
				ENABLE_NS_ASSERTIONS = NO;
				ENABLE_STRICT_OBJC_MSGSEND = YES;
				GCC_C_LANGUAGE_STANDARD = gnu11;
				GCC_NO_COMMON_BLOCKS = YES;
				GCC_WARN_64_TO_32_BIT_CONVERSION = YES;
				GCC_WARN_ABOUT_RETURN_TYPE = YES_ERROR;
				GCC_WARN_UNDECLARED_SELECTOR = YES;
				GCC_WARN_UNINITIALIZED_AUTOS = YES_AGGRESSIVE;
				GCC_WARN_UNUSED_FUNCTION = YES;
				GCC_WARN_UNUSED_VARIABLE = YES;
				IPHONEOS_DEPLOYMENT_TARGET = 14.3;
				MTL_ENABLE_DEBUG_INFO = NO;
				MTL_FAST_MATH = YES;
				SDKROOT = iphoneos;
				SWIFT_COMPILATION_MODE = wholemodule;
				SWIFT_OPTIMIZATION_LEVEL = "-O";
				VALIDATE_PRODUCT = YES;
			};
			name = Release;
		};
		04617C5A25AB63D600FFC704 /* Debug */ = {
			isa = XCBuildConfiguration;
			buildSettings = {
				ASSETCATALOG_COMPILER_APPICON_NAME = AppIcon;
				ASSETCATALOG_COMPILER_GLOBAL_ACCENT_COLOR_NAME = AccentColor;
				CODE_SIGN_STYLE = Automatic;
				DEVELOPMENT_TEAM = 6ZPB2R3KP8;
				INFOPLIST_FILE = OnboardingFlow/Info.plist;
				LD_RUNPATH_SEARCH_PATHS = (
					"$(inherited)",
					"@executable_path/Frameworks",
				);
				PRODUCT_BUNDLE_IDENTIFIER = com.waheedcodes.OnboardingFlow;
				PRODUCT_NAME = "$(TARGET_NAME)";
				SWIFT_VERSION = 5.0;
				TARGETED_DEVICE_FAMILY = "1,2";
			};
			name = Debug;
		};
		04617C5B25AB63D600FFC704 /* Release */ = {
			isa = XCBuildConfiguration;
			buildSettings = {
				ASSETCATALOG_COMPILER_APPICON_NAME = AppIcon;
				ASSETCATALOG_COMPILER_GLOBAL_ACCENT_COLOR_NAME = AccentColor;
				CODE_SIGN_STYLE = Automatic;
				DEVELOPMENT_TEAM = 6ZPB2R3KP8;
				INFOPLIST_FILE = OnboardingFlow/Info.plist;
				LD_RUNPATH_SEARCH_PATHS = (
					"$(inherited)",
					"@executable_path/Frameworks",
				);
				PRODUCT_BUNDLE_IDENTIFIER = com.waheedcodes.OnboardingFlow;
				PRODUCT_NAME = "$(TARGET_NAME)";
				SWIFT_VERSION = 5.0;
				TARGETED_DEVICE_FAMILY = "1,2";
			};
			name = Release;
		};
/* End XCBuildConfiguration section */

/* Begin XCConfigurationList section */
		04617C4025AB63D300FFC704 /* Build configuration list for PBXProject "OnboardingFlow" */ = {
			isa = XCConfigurationList;
			buildConfigurations = (
				04617C5725AB63D600FFC704 /* Debug */,
				04617C5825AB63D600FFC704 /* Release */,
			);
			defaultConfigurationIsVisible = 0;
			defaultConfigurationName = Release;
		};
		04617C5925AB63D600FFC704 /* Build configuration list for PBXNativeTarget "OnboardingFlow" */ = {
			isa = XCConfigurationList;
			buildConfigurations = (
				04617C5A25AB63D600FFC704 /* Debug */,
				04617C5B25AB63D600FFC704 /* Release */,
			);
			defaultConfigurationIsVisible = 0;
			defaultConfigurationName = Release;
		};
/* End XCConfigurationList section */
	};
	rootObject = 04617C3D25AB63D300FFC704 /* Project object */;
}
